
Microsoft Visual Studio Solution File, Format Version 12.00
# Visual Studio 15
VisualStudioVersion = 15.0.27703.2026
MinimumVisualStudioVersion = 10.0.40219.1
Project("{FAE04EC0-301F-11D3-BF4B-00C04F79EFBC}") = "TestProject", "ExtendedErrorProvider\TestProject.csproj", "{027D8805-062F-4D75-A620-69656F1B6456}"
EndProject
Project("{FAE04EC0-301F-11D3-BF4B-00C04F79EFBC}") = "ExtendedErrorProviderCSharp", "ExtendedErrorProviderCSharp\ExtendedErrorProviderCSharp.csproj", "{64E4F472-E1AD-4E5F-9CE2-2D221E9E3BE2}"
EndProject
Global
	GlobalSection(SolutionConfigurationPlatforms) = preSolution
		Debug|Any CPU = Debug|Any CPU
		Release|Any CPU = Release|Any CPU
	EndGlobalSection
	GlobalSection(ProjectConfigurationPlatforms) = postSolution
		{027D8805-062F-4D75-A620-69656F1B6456}.Debug|Any CPU.ActiveCfg = Debug|Any CPU
		{027D8805-062F-4D75-A620-69656F1B6456}.Debug|Any CPU.Build.0 = Debug|Any CPU
		{027D8805-062F-4D75-A620-69656F1B6456}.Release|Any CPU.ActiveCfg = Release|Any CPU
		{027D8805-062F-4D75-A620-69656F1B6456}.Release|Any CPU.Build.0 = Release|Any CPU
		{64E4F472-E1AD-4E5F-9CE2-2D221E9E3BE2}.Debug|Any CPU.ActiveCfg = Debug|Any CPU
		{64E4F472-E1AD-4E5F-9CE2-2D221E9E3BE2}.Debug|Any CPU.Build.0 = Debug|Any CPU
		{64E4F472-E1AD-4E5F-9CE2-2D221E9E3BE2}.Release|Any CPU.ActiveCfg = Release|Any CPU
		{64E4F472-E1AD-4E5F-9CE2-2D221E9E3BE2}.Release|Any CPU.Build.0 = Release|Any CPU
	EndGlobalSection
	GlobalSection(SolutionProperties) = preSolution
		HideSolutionNode = FALSE
	EndGlobalSection
	GlobalSection(ExtensibilityGlobals) = postSolution
		SolutionGuid = {F2D31BE4-82A7-46B8-8517-EBC5D1D6CEDF}
	EndGlobalSection
EndGlobal
